
Microsoft Visual Studio Solution File, Format Version 12.00
# Visual Studio Version 17
VisualStudioVersion = 17.3.32901.215
MinimumVisualStudioVersion = 10.0.40219.1
Project("{FAE04EC0-301F-11D3-BF4B-00C04F79EFBC}") = "WebAppOppg2", "WebAppOppg2\WebAppOppg2.csproj", "{00966459-1C3D-4047-8C51-EE55C3E88D43}"
EndProject
Global
	GlobalSection(SolutionConfigurationPlatforms) = preSolution
		Debug|Any CPU = Debug|Any CPU
		Release|Any CPU = Release|Any CPU
	EndGlobalSection
	GlobalSection(ProjectConfigurationPlatforms) = postSolution
		{00966459-1C3D-4047-8C51-EE55C3E88D43}.Debug|Any CPU.ActiveCfg = Debug|Any CPU
		{00966459-1C3D-4047-8C51-EE55C3E88D43}.Debug|Any CPU.Build.0 = Debug|Any CPU
		{00966459-1C3D-4047-8C51-EE55C3E88D43}.Release|Any CPU.ActiveCfg = Release|Any CPU
		{00966459-1C3D-4047-8C51-EE55C3E88D43}.Release|Any CPU.Build.0 = Release|Any CPU
	EndGlobalSection
	GlobalSection(SolutionProperties) = preSolution
		HideSolutionNode = FALSE
	EndGlobalSection
	GlobalSection(ExtensibilityGlobals) = postSolution
		SolutionGuid = {1531A6C6-5D33-4F6A-97B1-7EA886444EC9}
	EndGlobalSection
EndGlobal
